
Microsoft Visual Studio Solution File, Format Version 12.00
# Visual Studio Version 16
VisualStudioVersion = 16.0.30128.36
MinimumVisualStudioVersion = 10.0.40219.1
Project("{9A19103F-16F7-4668-BE54-9A1E7A4F7556}") = "HealthKitData.Core", "HealthKitData.Core\HealthKitData.Core.csproj", "{09E54AB1-3A1E-4B85-B478-ADF50199080A}"
EndProject
Project("{FAE04EC0-301F-11D3-BF4B-00C04F79EFBC}") = "HealthKitData.iOS", "HealthKitData.iOS\HealthKitData.iOS.csproj", "{16F800D4-59C8-4C80-B586-A330E2587F7F}"
EndProject
Global
	GlobalSection(SolutionConfigurationPlatforms) = preSolution
		Debug|Any CPU = Debug|Any CPU
		Release|Any CPU = Release|Any CPU
	EndGlobalSection
	GlobalSection(ProjectConfigurationPlatforms) = postSolution
		{09E54AB1-3A1E-4B85-B478-ADF50199080A}.Debug|Any CPU.ActiveCfg = Debug|Any CPU
		{09E54AB1-3A1E-4B85-B478-ADF50199080A}.Debug|Any CPU.Build.0 = Debug|Any CPU
		{09E54AB1-3A1E-4B85-B478-ADF50199080A}.Release|Any CPU.ActiveCfg = Release|Any CPU
		{09E54AB1-3A1E-4B85-B478-ADF50199080A}.Release|Any CPU.Build.0 = Release|Any CPU
		{16F800D4-59C8-4C80-B586-A330E2587F7F}.Debug|Any CPU.ActiveCfg = Debug|Any CPU
		{16F800D4-59C8-4C80-B586-A330E2587F7F}.Debug|Any CPU.Build.0 = Debug|Any CPU
		{16F800D4-59C8-4C80-B586-A330E2587F7F}.Release|Any CPU.ActiveCfg = Release|Any CPU
		{16F800D4-59C8-4C80-B586-A330E2587F7F}.Release|Any CPU.Build.0 = Release|Any CPU
	EndGlobalSection
	GlobalSection(SolutionProperties) = preSolution
		HideSolutionNode = FALSE
	EndGlobalSection
	GlobalSection(ExtensibilityGlobals) = postSolution
		SolutionGuid = {6220810D-155B-46D9-862C-E2D49F3056FD}
	EndGlobalSection
EndGlobal
